speakeasyVersion: 1.454.2
sources:
    Acuvity-OAS:
        sourceNamespace: acuvity-oas
        sourceRevisionDigest: sha256:5cc848d43a12257a1464af4d3c75ed7d2aba633bf86903ac25eea5da7354ce3a
        sourceBlobDigest: sha256:6d31e8c9c15acf9d7e534b5d45c9bcc65cb0045ee5fd63f5ec1da58b7c52a4d5
        tags:
            - latest
            - "1.0"
targets:
    golang:
        source: Acuvity-OAS
        sourceNamespace: acuvity-oas
        sourceRevisionDigest: sha256:0088817be043c3d9141dee545d0682ade71d41025f87f49b20f8d6165d4a2891
        sourceBlobDigest: sha256:d3f13e557b9d90559e7f476966006d55b5892c2c336be3bcc5792c37caffb3ac
        codeSamplesNamespace: acuvity-oas-code-samples
        codeSamplesRevisionDigest: sha256:3e106bfa8c48b7c167f82a991e91e82c82f95206dd6907f927d24efdbca9aa97
    python:
        source: Acuvity-OAS
        sourceNamespace: acuvity-oas
        sourceRevisionDigest: sha256:b3cf90f87453e0199781caa2b0b47cab9ea09e43b3f31a2e20f942d14d8000ac
        sourceBlobDigest: sha256:f49f1f54ec10ad77472910d1f6a9166450da58ea8f01b70e0adc7cb1827bf0d8
        codeSamplesNamespace: acuvity-oas-python-code-samples
        codeSamplesRevisionDigest: sha256:3328ae0de9d0ae5756344b126ece49f467babb26f351f7858cb95c7e67332d91
    typescript:
        source: Acuvity-OAS
        sourceNamespace: acuvity-oas
        sourceRevisionDigest: sha256:5cc848d43a12257a1464af4d3c75ed7d2aba633bf86903ac25eea5da7354ce3a
        sourceBlobDigest: sha256:6d31e8c9c15acf9d7e534b5d45c9bcc65cb0045ee5fd63f5ec1da58b7c52a4d5
        codeSamplesNamespace: acuvity-oas-typescript-code-samples
        codeSamplesRevisionDigest: sha256:fc51884672211bce8792161e0cdcdd29d6e48a04bc7179899fdb7a70b916496a
workflow:
    workflowVersion: 1.0.0
    speakeasyVersion: latest
    sources:
        Acuvity-OAS:
            inputs:
                - location: ./apex-openapi.yaml
            registry:
                location: registry.speakeasyapi.dev/acuvity/acuvity/acuvity-oas
    targets:
        typescript:
            target: typescript
            source: Acuvity-OAS
            output: .
            publish:
                npm:
                    token: $npm_token
            codeSamples:
                registry:
                    location: registry.speakeasyapi.dev/acuvity/acuvity/acuvity-oas-typescript-code-samples
                blocking: false
